
Microsoft Visual Studio Solution File, Format Version 12.00
# Visual Studio Version 16
VisualStudioVersion = 16.0.29509.3
MinimumVisualStudioVersion = 10.0.40219.1
Project("{FAE04EC0-301F-11D3-BF4B-00C04F79EFBC}") = "Lab06", "Lab06.csproj", "{D57F9527-AB75-417A-82CB-E59F9679D108}"
EndProject
Global
	GlobalSection(SolutionConfigurationPlatforms) = preSolution
		Debug|Any CPU = Debug|Any CPU
		Release|Any CPU = Release|Any CPU
	EndGlobalSection
	GlobalSection(ProjectConfigurationPlatforms) = postSolution
		{D57F9527-AB75-417A-82CB-E59F9679D108}.Debug|Any CPU.ActiveCfg = Debug|Any CPU
		{D57F9527-AB75-417A-82CB-E59F9679D108}.Debug|Any CPU.Build.0 = Debug|Any CPU
		{D57F9527-AB75-417A-82CB-E59F9679D108}.Release|Any CPU.ActiveCfg = Release|Any CPU
		{D57F9527-AB75-417A-82CB-E59F9679D108}.Release|Any CPU.Build.0 = Release|Any CPU
	EndGlobalSection
	GlobalSection(SolutionProperties) = preSolution
		HideSolutionNode = FALSE
	EndGlobalSection
	GlobalSection(ExtensibilityGlobals) = postSolution
		SolutionGuid = {50A44CC0-BD7F-45EB-A587-06D6017D300F}
	EndGlobalSection
EndGlobal
